Microsoft Visual Studio Solution File, Format Version 12.00
# Visual Studio Version 17
VisualStudioVersion = 17.3.32804.467
MinimumVisualStudioVersion = 10.0.40219.1
Project("{2150E333-8FDC-42A3-9474-1A3956D46DE8}") = "{root}", "{root}", "{E04330FA-13D0-4B47-BE99-31B788340C09}"
	ProjectSection(SolutionItems) = preProject
		..\.editorconfig = ..\.editorconfig
		CommonAssemblyInfo.cs = CommonAssemblyInfo.cs
		CommonAssemblyVersion.cs = CommonAssemblyVersion.cs
		CurrentReleaseVersion.json = CurrentReleaseVersion.json
	EndProjectSection
EndProject
Project("{9A19103F-16F7-4668-BE54-9A1E7A4F7556}") = "DaxStudio.ExcelAddin", "DaxStudio.ExcelAddin\DaxStudio.ExcelAddin.csproj", "{C8769178-B109-4155-ABC2-F4E4587642DB}"
	ProjectSection(ProjectDependencies) = postProject
		{30B02415-0085-4CEB-9C74-EFDA677C6C88} = {30B02415-0085-4CEB-9C74-EFDA677C6C88}
		{508A1FAA-9157-4474-94B4-FDBF76FFA74B} = {508A1FAA-9157-4474-94B4-FDBF76FFA74B}
		{9CDCCC97-CA3B-4BDF-B062-DA0266387B76} = {9CDCCC97-CA3B-4BDF-B062-DA0266387B76}
		{A7912ABB-E3AD-45C4-A8A7-183828DB300E} = {A7912ABB-E3AD-45C4-A8A7-183828DB300E}
		{EE4788C1-DCA6-465F-8049-28CEACE6586F} = {EE4788C1-DCA6-465F-8049-28CEACE6586F}
	EndProjectSection
EndProject
Project("{9A19103F-16F7-4668-BE54-9A1E7A4F7556}") = "DaxStudio.DAXEditor", "DAXEditor\DaxStudio.DAXEditor.csproj", "{EE4788C1-DCA6-465F-8049-28CEACE6586F}"
EndProject
Project("{9A19103F-16F7-4668-BE54-9A1E7A4F7556}") = "DaxStudio.ADOTabular", "ADOTabular\DaxStudio.ADOTabular.csproj", "{DC91C987-2AEB-4F82-B8BA-3FF6A5614ED7}"
EndProject
Project("{9A19103F-16F7-4668-BE54-9A1E7A4F7556}") = "DaxStudio.Interfaces", "DaxStudio.Interfaces\DaxStudio.Interfaces.csproj", "{9CDCCC97-CA3B-4BDF-B062-DA0266387B76}"
EndProject
Project("{9A19103F-16F7-4668-BE54-9A1E7A4F7556}") = "DaxStudio.Standalone", "DaxStudio.Standalone\DaxStudio.Standalone.csproj", "{F92E0BFC-F721-4A08-A4FA-77DC019B14F6}"
	ProjectSection(ProjectDependencies) = postProject
		{C8C325AD-D7AB-4E56-8A6B-7E8B11EB5443} = {C8C325AD-D7AB-4E56-8A6B-7E8B11EB5443}
		{EE4788C1-DCA6-465F-8049-28CEACE6586F} = {EE4788C1-DCA6-465F-8049-28CEACE6586F}
	EndProjectSection
EndProject
Project("{9A19103F-16F7-4668-BE54-9A1E7A4F7556}") = "DaxStudio.UI", "DaxStudio.UI\DaxStudio.UI.csproj", "{5EFEFF14-3052-4DC1-B020-8E259062B899}"
	ProjectSection(ProjectDependencies) = postProject
		{C8769178-B109-4155-ABC2-F4E4587642DB} = {C8769178-B109-4155-ABC2-F4E4587642DB}
	EndProjectSection
EndProject
Project("{9A19103F-16F7-4668-BE54-9A1E7A4F7556}") = "DaxStudio.Tests", "..\tests\DaxStudio.Tests\DaxStudio.Tests.csproj", "{D1ED8FBD-8493-496F-9229-497DD526E1C9}"
EndProject
Project("{9A19103F-16F7-4668-BE54-9A1E7A4F7556}") = "DaxStudio.UnitComboLib", "UnitComboLib\DaxStudio.UnitComboLib.csproj", "{C8C325AD-D7AB-4E56-8A6B-7E8B11EB5443}"
EndProject
Project("{2150E333-8FDC-42A3-9474-1A3956D46DE8}") = ".nuget", ".nuget", "{0772235B-BEB3-47D4-B186-54A02FAC4990}"
	ProjectSection(SolutionItems) = preProject
		.nuget\NuGet.Config = .nuget\NuGet.Config
		.nuget\NuGet.exe = .nuget\NuGet.exe
		.nuget\NuGet.targets = .nuget\NuGet.targets
	EndProjectSection
EndProject
Project("{9A19103F-16F7-4668-BE54-9A1E7A4F7556}") = "DaxStudio.QueryTrace", "DaxStudio.QueryTrace\DaxStudio.QueryTrace.csproj", "{A7912ABB-E3AD-45C4-A8A7-183828DB300E}"
EndProject
Project("{9A19103F-16F7-4668-BE54-9A1E7A4F7556}") = "DaxStudio.QueryTrace.Excel", "DaxStudio.QueryTrace.Excel\DaxStudio.QueryTrace.Excel.csproj", "{30B02415-0085-4CEB-9C74-EFDA677C6C88}"
EndProject
Project("{9A19103F-16F7-4668-BE54-9A1E7A4F7556}") = "DaxStudio.Checker", "DaxStudio.Checker\DaxStudio.Checker.csproj", "{9D3F0BFC-6366-4402-B1AB-211D4F4E5179}"
EndProject
Project("{9A19103F-16F7-4668-BE54-9A1E7A4F7556}") = "DaxStudio.Common", "DaxStudio.Common\DaxStudio.Common.csproj", "{508A1FAA-9157-4474-94B4-FDBF76FFA74B}"
EndProject
Project("{9A19103F-16F7-4668-BE54-9A1E7A4F7556}") = "DaxStudio.Controls.DataGridFilter", "DaxStudio.Controls.DataGridFilter\DaxStudio.Controls.DataGridFilter.csproj", "{512FD53F-9AD1-46A1-A961-9FABDFAD50C5}"
EndProject
Project("{9A19103F-16F7-4668-BE54-9A1E7A4F7556}") = "DaxStudio.Controls.PropertyGrid", "DaxStudio.Controls.PropertyGrid\DaxStudio.Controls.PropertyGrid.csproj", "{CD71EBC4-7CD8-47E9-854F-D295805EFADD}"
EndProject
Project("{2150E333-8FDC-42A3-9474-1A3956D46DE8}") = "Tests", "Tests", "{2FA78CD1-8A2D-4285-9DDB-FB4E4B46A7C7}"
EndProject
Project("{9A19103F-16F7-4668-BE54-9A1E7A4F7556}") = "DaxStudio.AvalonDock.Themes", "AvalonDock.Themes.DaxStudio\DaxStudio.AvalonDock.Themes.csproj", "{B89D0C1B-90AB-4E59-A657-A95FD84D11F1}"
EndProject
Project("{9A19103F-16F7-4668-BE54-9A1E7A4F7556}") = "DaxStudio.FileIcons", "DaxStudio.FileIcons\DaxStudio.FileIcons.csproj", "{1193F456-32C3-4F82-9C80-3F178BD5D29A}"
EndProject
Project("{9A19103F-16F7-4668-BE54-9A1E7A4F7556}") = "DaxStudio.CommandLine", "DaxStudio.CommandLine\DaxStudio.CommandLine.csproj", "{533F7484-9E1A-4984-8D42-831D79711053}"
	ProjectSection(ProjectDependencies) = postProject
		{F92E0BFC-F721-4A08-A4FA-77DC019B14F6} = {F92E0BFC-F721-4A08-A4FA-77DC019B14F6}
	EndProjectSection
EndProject
Project("{9A19103F-16F7-4668-BE54-9A1E7A4F7556}") = "DaxStudio.Launcher", "DaxStudio.UriHandler\DaxStudio.Launcher.csproj", "{A59D633B-3B8C-4C2F-9CE7-D0DCBCE6567C}"
EndProject
Project("{9A19103F-16F7-4668-BE54-9A1E7A4F7556}") = "DaxStudio.SqlFormatter", "DaxStudio.SqlFormatter\DaxStudio.SqlFormatter.csproj", "{EFE78597-D6F1-45F3-9CC5-A01A2D957BFA}"
EndProject
Project("{9A19103F-16F7-4668-BE54-9A1E7A4F7556}") = "DaxStudio.CommandLine.Tests", "..\tests\DaxStudio.CommandLine.Tests\DaxStudio.CommandLine.Tests.csproj", "{ED854495-F857-4E2E-8EAC-975B8C61A264}"
EndProject
Project("{2150E333-8FDC-42A3-9474-1A3956D46DE8}") = ".github", ".github", "{2E1CAFD6-3642-44D7-88B3-7B4D48A12805}"
	ProjectSection(SolutionItems) = preProject
		..\.github\dependabot.yml = ..\.github\dependabot.yml
		..\.github\FUNDING.yml = ..\.github\FUNDING.yml
	EndProjectSection
EndProject
Project("{2150E333-8FDC-42A3-9474-1A3956D46DE8}") = "workflows", "workflows", "{17C75925-15B7-4F48-B90C-1FAC03D5262B}"
	ProjectSection(SolutionItems) = preProject
		..\.github\workflows\build.yml = ..\.github\workflows\build.yml
		..\.github\workflows\codeql.yml = ..\.github\workflows\codeql.yml
		..\.github\workflows\default_label.yml = ..\.github\workflows\default_label.yml
		..\.github\workflows\devskim.yml = ..\.github\workflows\devskim.yml
		..\.github\workflows\winget_publish.yml = ..\.github\workflows\winget_publish.yml
	EndProjectSection
EndProject
Project("{2150E333-8FDC-42A3-9474-1A3956D46DE8}") = "Source", "Source", "{936320B1-1B35-4087-B11D-ECB22A4BB1C1}"
EndProject
Global
	GlobalSection(SolutionConfigurationPlatforms) = preSolution
		Debug|Any CPU = Debug|Any CPU
		Release|Any CPU = Release|Any CPU
	EndGlobalSection
	GlobalSection(ProjectConfigurationPlatforms) = postSolution
		{C8769178-B109-4155-ABC2-F4E4587642DB}.Debug|Any CPU.ActiveCfg = Debug|Any CPU
		{C8769178-B109-4155-ABC2-F4E4587642DB}.Debug|Any CPU.Build.0 = Debug|Any CPU
		{C8769178-B109-4155-ABC2-F4E4587642DB}.Release|Any CPU.ActiveCfg = Release|Any CPU
		{C8769178-B109-4155-ABC2-F4E4587642DB}.Release|Any CPU.Build.0 = Release|Any CPU
		{EE4788C1-DCA6-465F-8049-28CEACE6586F}.Debug|Any CPU.ActiveCfg = Debug|Any CPU
		{EE4788C1-DCA6-465F-8049-28CEACE6586F}.Debug|Any CPU.Build.0 = Debug|Any CPU
		{EE4788C1-DCA6-465F-8049-28CEACE6586F}.Release|Any CPU.ActiveCfg = Release|Any CPU
		{EE4788C1-DCA6-465F-8049-28CEACE6586F}.Release|Any CPU.Build.0 = Release|Any CPU
		{DC91C987-2AEB-4F82-B8BA-3FF6A5614ED7}.Debug|Any CPU.ActiveCfg = Debug|Any CPU
		{DC91C987-2AEB-4F82-B8BA-3FF6A5614ED7}.Debug|Any CPU.Build.0 = Debug|Any CPU
		{DC91C987-2AEB-4F82-B8BA-3FF6A5614ED7}.Release|Any CPU.ActiveCfg = Release|Any CPU
		{DC91C987-2AEB-4F82-B8BA-3FF6A5614ED7}.Release|Any CPU.Build.0 = Release|Any CPU
		{9CDCCC97-CA3B-4BDF-B062-DA0266387B76}.Debug|Any CPU.ActiveCfg = Debug|Any CPU
		{9CDCCC97-CA3B-4BDF-B062-DA0266387B76}.Debug|Any CPU.Build.0 = Debug|Any CPU
		{9CDCCC97-CA3B-4BDF-B062-DA0266387B76}.Release|Any CPU.ActiveCfg = Release|Any CPU
		{9CDCCC97-CA3B-4BDF-B062-DA0266387B76}.Release|Any CPU.Build.0 = Release|Any CPU
		{F92E0BFC-F721-4A08-A4FA-77DC019B14F6}.Debug|Any CPU.ActiveCfg = Debug|Any CPU
		{F92E0BFC-F721-4A08-A4FA-77DC019B14F6}.Debug|Any CPU.Build.0 = Debug|Any CPU
		{F92E0BFC-F721-4A08-A4FA-77DC019B14F6}.Release|Any CPU.ActiveCfg = Release|Any CPU
		{F92E0BFC-F721-4A08-A4FA-77DC019B14F6}.Release|Any CPU.Build.0 = Release|Any CPU
		{5EFEFF14-3052-4DC1-B020-8E259062B899}.Debug|Any CPU.ActiveCfg = Debug|Any CPU
		{5EFEFF14-3052-4DC1-B020-8E259062B899}.Debug|Any CPU.Build.0 = Debug|Any CPU
		{5EFEFF14-3052-4DC1-B020-8E259062B899}.Release|Any CPU.ActiveCfg = Release|Any CPU
		{5EFEFF14-3052-4DC1-B020-8E259062B899}.Release|Any CPU.Build.0 = Release|Any CPU
		{D1ED8FBD-8493-496F-9229-497DD526E1C9}.Debug|Any CPU.ActiveCfg = Debug|Any CPU
		{D1ED8FBD-8493-496F-9229-497DD526E1C9}.Debug|Any CPU.Build.0 = Debug|Any CPU
		{D1ED8FBD-8493-496F-9229-497DD526E1C9}.Release|Any CPU.ActiveCfg = Release|Any CPU
		{D1ED8FBD-8493-496F-9229-497DD526E1C9}.Release|Any CPU.Build.0 = Release|Any CPU
		{C8C325AD-D7AB-4E56-8A6B-7E8B11EB5443}.Debug|Any CPU.ActiveCfg = Debug|Any CPU
		{C8C325AD-D7AB-4E56-8A6B-7E8B11EB5443}.Debug|Any CPU.Build.0 = Debug|Any CPU
		{C8C325AD-D7AB-4E56-8A6B-7E8B11EB5443}.Release|Any CPU.ActiveCfg = Release|Any CPU
		{C8C325AD-D7AB-4E56-8A6B-7E8B11EB5443}.Release|Any CPU.Build.0 = Release|Any CPU
		{A7912ABB-E3AD-45C4-A8A7-183828DB300E}.Debug|Any CPU.ActiveCfg = Debug|Any CPU
		{A7912ABB-E3AD-45C4-A8A7-183828DB300E}.Debug|Any CPU.Build.0 = Debug|Any CPU
		{A7912ABB-E3AD-45C4-A8A7-183828DB300E}.Release|Any CPU.ActiveCfg = Release|Any CPU
		{A7912ABB-E3AD-45C4-A8A7-183828DB300E}.Release|Any CPU.Build.0 = Release|Any CPU
		{30B02415-0085-4CEB-9C74-EFDA677C6C88}.Debug|Any CPU.ActiveCfg = Debug|Any CPU
		{30B02415-0085-4CEB-9C74-EFDA677C6C88}.Debug|Any CPU.Build.0 = Debug|Any CPU
		{30B02415-0085-4CEB-9C74-EFDA677C6C88}.Release|Any CPU.ActiveCfg = Release|Any CPU
		{30B02415-0085-4CEB-9C74-EFDA677C6C88}.Release|Any CPU.Build.0 = Release|Any CPU
		{9D3F0BFC-6366-4402-B1AB-211D4F4E5179}.Debug|Any CPU.ActiveCfg = Debug|Any CPU
		{9D3F0BFC-6366-4402-B1AB-211D4F4E5179}.Debug|Any CPU.Build.0 = Debug|Any CPU
		{9D3F0BFC-6366-4402-B1AB-211D4F4E5179}.Release|Any CPU.ActiveCfg = Release|Any CPU
		{9D3F0BFC-6366-4402-B1AB-211D4F4E5179}.Release|Any CPU.Build.0 = Release|Any CPU
		{508A1FAA-9157-4474-94B4-FDBF76FFA74B}.Debug|Any CPU.ActiveCfg = Debug|Any CPU
		{508A1FAA-9157-4474-94B4-FDBF76FFA74B}.Debug|Any CPU.Build.0 = Debug|Any CPU
		{508A1FAA-9157-4474-94B4-FDBF76FFA74B}.Release|Any CPU.ActiveCfg = Release|Any CPU
		{508A1FAA-9157-4474-94B4-FDBF76FFA74B}.Release|Any CPU.Build.0 = Release|Any CPU
		{512FD53F-9AD1-46A1-A961-9FABDFAD50C5}.Debug|Any CPU.ActiveCfg = Debug|Any CPU
		{512FD53F-9AD1-46A1-A961-9FABDFAD50C5}.Debug|Any CPU.Build.0 = Debug|Any CPU
		{512FD53F-9AD1-46A1-A961-9FABDFAD50C5}.Release|Any CPU.ActiveCfg = Release|Any CPU
		{512FD53F-9AD1-46A1-A961-9FABDFAD50C5}.Release|Any CPU.Build.0 = Release|Any CPU
		{CD71EBC4-7CD8-47E9-854F-D295805EFADD}.Debug|Any CPU.ActiveCfg = Debug|Any CPU
		{CD71EBC4-7CD8-47E9-854F-D295805EFADD}.Debug|Any CPU.Build.0 = Debug|Any CPU
		{CD71EBC4-7CD8-47E9-854F-D295805EFADD}.Release|Any CPU.ActiveCfg = Release|Any CPU
		{CD71EBC4-7CD8-47E9-854F-D295805EFADD}.Release|Any CPU.Build.0 = Release|Any CPU
		{B89D0C1B-90AB-4E59-A657-A95FD84D11F1}.Debug|Any CPU.ActiveCfg = Debug|Any CPU
		{B89D0C1B-90AB-4E59-A657-A95FD84D11F1}.Debug|Any CPU.Build.0 = Debug|Any CPU
		{B89D0C1B-90AB-4E59-A657-A95FD84D11F1}.Release|Any CPU.ActiveCfg = Release|Any CPU
		{B89D0C1B-90AB-4E59-A657-A95FD84D11F1}.Release|Any CPU.Build.0 = Release|Any CPU
		{1193F456-32C3-4F82-9C80-3F178BD5D29A}.Debug|Any CPU.ActiveCfg = Debug|Any CPU
		{1193F456-32C3-4F82-9C80-3F178BD5D29A}.Debug|Any CPU.Build.0 = Debug|Any CPU
		{1193F456-32C3-4F82-9C80-3F178BD5D29A}.Release|Any CPU.ActiveCfg = Release|Any CPU
		{1193F456-32C3-4F82-9C80-3F178BD5D29A}.Release|Any CPU.Build.0 = Release|Any CPU
		{533F7484-9E1A-4984-8D42-831D79711053}.Debug|Any CPU.ActiveCfg = Debug|Any CPU
		{533F7484-9E1A-4984-8D42-831D79711053}.Debug|Any CPU.Build.0 = Debug|Any CPU
		{533F7484-9E1A-4984-8D42-831D79711053}.Release|Any CPU.ActiveCfg = Release|Any CPU
		{533F7484-9E1A-4984-8D42-831D79711053}.Release|Any CPU.Build.0 = Release|Any CPU
		{A59D633B-3B8C-4C2F-9CE7-D0DCBCE6567C}.Debug|Any CPU.ActiveCfg = Debug|Any CPU
		{A59D633B-3B8C-4C2F-9CE7-D0DCBCE6567C}.Debug|Any CPU.Build.0 = Debug|Any CPU
		{A59D633B-3B8C-4C2F-9CE7-D0DCBCE6567C}.Release|Any CPU.ActiveCfg = Release|Any CPU
		{A59D633B-3B8C-4C2F-9CE7-D0DCBCE6567C}.Release|Any CPU.Build.0 = Release|Any CPU
		{EFE78597-D6F1-45F3-9CC5-A01A2D957BFA}.Debug|Any CPU.ActiveCfg = Debug|Any CPU
		{EFE78597-D6F1-45F3-9CC5-A01A2D957BFA}.Debug|Any CPU.Build.0 = Debug|Any CPU
		{EFE78597-D6F1-45F3-9CC5-A01A2D957BFA}.Release|Any CPU.ActiveCfg = Release|Any CPU
		{EFE78597-D6F1-45F3-9CC5-A01A2D957BFA}.Release|Any CPU.Build.0 = Release|Any CPU
		{ED854495-F857-4E2E-8EAC-975B8C61A264}.Debug|Any CPU.ActiveCfg = Debug|Any CPU
		{ED854495-F857-4E2E-8EAC-975B8C61A264}.Debug|Any CPU.Build.0 = Debug|Any CPU
		{ED854495-F857-4E2E-8EAC-975B8C61A264}.Release|Any CPU.ActiveCfg = Release|Any CPU
		{ED854495-F857-4E2E-8EAC-975B8C61A264}.Release|Any CPU.Build.0 = Release|Any CPU
	EndGlobalSection
	GlobalSection(SolutionProperties) = preSolution
		HideSolutionNode = FALSE
	EndGlobalSection
	GlobalSection(NestedProjects) = preSolution
		{C8769178-B109-4155-ABC2-F4E4587642DB} = {936320B1-1B35-4087-B11D-ECB22A4BB1C1}
		{DC91C987-2AEB-4F82-B8BA-3FF6A5614ED7} = {936320B1-1B35-4087-B11D-ECB22A4BB1C1}
		{9CDCCC97-CA3B-4BDF-B062-DA0266387B76} = {936320B1-1B35-4087-B11D-ECB22A4BB1C1}
		{F92E0BFC-F721-4A08-A4FA-77DC019B14F6} = {936320B1-1B35-4087-B11D-ECB22A4BB1C1}
		{5EFEFF14-3052-4DC1-B020-8E259062B899} = {936320B1-1B35-4087-B11D-ECB22A4BB1C1}
		{D1ED8FBD-8493-496F-9229-497DD526E1C9} = {2FA78CD1-8A2D-4285-9DDB-FB4E4B46A7C7}
		{C8C325AD-D7AB-4E56-8A6B-7E8B11EB5443} = {936320B1-1B35-4087-B11D-ECB22A4BB1C1}
		{0772235B-BEB3-47D4-B186-54A02FAC4990} = {E04330FA-13D0-4B47-BE99-31B788340C09}
		{A7912ABB-E3AD-45C4-A8A7-183828DB300E} = {936320B1-1B35-4087-B11D-ECB22A4BB1C1}
		{30B02415-0085-4CEB-9C74-EFDA677C6C88} = {936320B1-1B35-4087-B11D-ECB22A4BB1C1}
		{9D3F0BFC-6366-4402-B1AB-211D4F4E5179} = {936320B1-1B35-4087-B11D-ECB22A4BB1C1}
		{508A1FAA-9157-4474-94B4-FDBF76FFA74B} = {936320B1-1B35-4087-B11D-ECB22A4BB1C1}
		{512FD53F-9AD1-46A1-A961-9FABDFAD50C5} = {936320B1-1B35-4087-B11D-ECB22A4BB1C1}
		{CD71EBC4-7CD8-47E9-854F-D295805EFADD} = {936320B1-1B35-4087-B11D-ECB22A4BB1C1}
		{B89D0C1B-90AB-4E59-A657-A95FD84D11F1} = {936320B1-1B35-4087-B11D-ECB22A4BB1C1}
		{1193F456-32C3-4F82-9C80-3F178BD5D29A} = {936320B1-1B35-4087-B11D-ECB22A4BB1C1}
		{533F7484-9E1A-4984-8D42-831D79711053} = {936320B1-1B35-4087-B11D-ECB22A4BB1C1}
		{A59D633B-3B8C-4C2F-9CE7-D0DCBCE6567C} = {936320B1-1B35-4087-B11D-ECB22A4BB1C1}
		{EFE78597-D6F1-45F3-9CC5-A01A2D957BFA} = {936320B1-1B35-4087-B11D-ECB22A4BB1C1}
		{ED854495-F857-4E2E-8EAC-975B8C61A264} = {2FA78CD1-8A2D-4285-9DDB-FB4E4B46A7C7}
		{2E1CAFD6-3642-44D7-88B3-7B4D48A12805} = {E04330FA-13D0-4B47-BE99-31B788340C09}
		{17C75925-15B7-4F48-B90C-1FAC03D5262B} = {2E1CAFD6-3642-44D7-88B3-7B4D48A12805}
	EndGlobalSection
	GlobalSection(ExtensibilityGlobals) = postSolution
		SolutionGuid = {A980F882-ED32-4E77-981F-A37C0AB1410D}
	EndGlobalSection
	GlobalSection(Performance) = preSolution
		HasPerformanceSessions = true
	EndGlobalSection
EndGlobal
